// !$*UTF8*$!
{
	archiveVersion = 1;
	classes = {
	};
	objectVersion = 46;
	objects = {

/* Begin PBXBuildFile section */
		90166B7C1D34797100CE90D0 /* AppDelegate.swift in Sources */ = {isa = PBXBuildFile; fileRef = 90166B7B1D34797100CE90D0 /* AppDelegate.swift */; };
		90166B7E1D34797100CE90D0 /* DiaryListViewController.swift in Sources */ = {isa = PBXBuildFile; fileRef = 90166B7D1D34797100CE90D0 /* DiaryListViewController.swift */; };
		90166B801D34797100CE90D0 /* MapViewController.swift in Sources */ = {isa = PBXBuildFile; fileRef = 90166B7F1D34797100CE90D0 /* MapViewController.swift */; };
		90166B831D34797100CE90D0 /* Main.storyboard in Resources */ = {isa = PBXBuildFile; fileRef = 90166B811D34797100CE90D0 /* Main.storyboard */; };
		90166B851D34797200CE90D0 /* Assets.xcassets in Resources */ = {isa = PBXBuildFile; fileRef = 90166B841D34797200CE90D0 /* Assets.xcassets */; };
		90166B881D34797200CE90D0 /* LaunchScreen.storyboard in Resources */ = {isa = PBXBuildFile; fileRef = 90166B861D34797200CE90D0 /* LaunchScreen.storyboard */; };
		90166B901D348F6E00CE90D0 /* DiaryCell.xib in Resources */ = {isa = PBXBuildFile; fileRef = 90166B8F1D348F6E00CE90D0 /* DiaryCell.xib */; };
		90166B921D3490A900CE90D0 /* DiaryCell.swift in Sources */ = {isa = PBXBuildFile; fileRef = 90166B911D3490A900CE90D0 /* DiaryCell.swift */; };
		9057E2231D349A1D00DBF57D /* Diary Model.xcdatamodeld in Sources */ = {isa = PBXBuildFile; fileRef = 9057E2211D349A1D00DBF57D /* Diary Model.xcdatamodeld */; };
		9057E2261D349AB300DBF57D /* Diary+CoreDataProperties.swift in Sources */ = {isa = PBXBuildFile; fileRef = 9057E2241D349AB300DBF57D /* Diary+CoreDataProperties.swift */; };
		9057E2271D349AB300DBF57D /* Diary.swift in Sources */ = {isa = PBXBuildFile; fileRef = 9057E2251D349AB300DBF57D /* Diary.swift */; };
		9057E2291D34A27300DBF57D /* DiaryDetailViewController.swift in Sources */ = {isa = PBXBuildFile; fileRef = 9057E2281D34A27300DBF57D /* DiaryDetailViewController.swift */; };
		9057E22B1D359BCE00DBF57D /* CoreDataStack.swift in Sources */ = {isa = PBXBuildFile; fileRef = 9057E22A1D359BCE00DBF57D /* CoreDataStack.swift */; };
		9057E22D1D359FF600DBF57D /* Functions.swift in Sources */ = {isa = PBXBuildFile; fileRef = 9057E22C1D359FF600DBF57D /* Functions.swift */; };
		9057E22F1D35AD5B00DBF57D /* HudView.swift in Sources */ = {isa = PBXBuildFile; fileRef = 9057E22E1D35AD5B00DBF57D /* HudView.swift */; };
		9057E2311D35AE9900DBF57D /* MapKit.framework in Frameworks */ = {isa = PBXBuildFile; fileRef = 9057E2301D35AE9900DBF57D /* MapKit.framework */; };
		90A6F68A1D3C262D004F12F7 /* PasscodeLock.framework in Frameworks */ = {isa = PBXBuildFile; fileRef = 90A6F6891D3C262D004F12F7 /* PasscodeLock.framework */; };
		90D083DA1D3B42A50077E181 /* PassCodeLockConfig.swift in Sources */ = {isa = PBXBuildFile; fileRef = 90D083D91D3B42A50077E181 /* PassCodeLockConfig.swift */; };
		90D083DC1D3B42FC0077E181 /* PassUserDefault.swift in Sources */ = {isa = PBXBuildFile; fileRef = 90D083DB1D3B42FC0077E181 /* PassUserDefault.swift */; };
		90D083DE1D3BE65C0077E181 /* PasscodeSettingsViewController.swift in Sources */ = {isa = PBXBuildFile; fileRef = 90D083DD1D3BE65C0077E181 /* PasscodeSettingsViewController.swift */; };
		90FE33921D35FCF9009985EC /* Location+CoreDataProperties.swift in Sources */ = {isa = PBXBuildFile; fileRef = 90FE33901D35FCF9009985EC /* Location+CoreDataProperties.swift */; };
		90FE33931D35FCF9009985EC /* Location.swift in Sources */ = {isa = PBXBuildFile; fileRef = 90FE33911D35FCF9009985EC /* Location.swift */; };
		90FE33951D36D67C009985EC /* StringExtension.swift in Sources */ = {isa = PBXBuildFile; fileRef = 90FE33941D36D67C009985EC /* StringExtension.swift */; };
		90FE33971D396F23009985EC /* AnnotationDetailViewController.swift in Sources */ = {isa = PBXBuildFile; fileRef = 90FE33961D396F23009985EC /* AnnotationDetailViewController.swift */; };
/* End PBXBuildFile section */

/* Begin PBXFileReference section */
		90166B781D34797100CE90D0 /* LocDiary.app */ = {isa = PBXFileReference; explicitFileType = wrapper.application; includeInIndex = 0; path = LocDiary.app; sourceTree = BUILT_PRODUCTS_DIR; };
		90166B7B1D34797100CE90D0 /* AppDelegate.swift */ = {isa = PBXFileReference; lastKnownFileType = sourcecode.swift; path = AppDelegate.swift; sourceTree = "<group>"; };
		90166B7D1D34797100CE90D0 /* DiaryListViewController.swift */ = {isa = PBXFileReference; lastKnownFileType = sourcecode.swift; path = DiaryListViewController.swift; sourceTree = "<group>"; };
		90166B7F1D34797100CE90D0 /* MapViewController.swift */ = {isa = PBXFileReference; lastKnownFileType = sourcecode.swift; path = MapViewController.swift; sourceTree = "<group>"; };
		90166B821D34797100CE90D0 /* Base */ = {isa = PBXFileReference; lastKnownFileType = file.storyboard; name = Base; path = Base.lproj/Main.storyboard; sourceTree = "<group>"; };
		90166B841D34797200CE90D0 /* Assets.xcassets */ = {isa = PBXFileReference; lastKnownFileType = folder.assetcatalog; path = Assets.xcassets; sourceTree = "<group>"; };
		90166B871D34797200CE90D0 /* Base */ = {isa = PBXFileReference; lastKnownFileType = file.storyboard; name = Base; path = Base.lproj/LaunchScreen.storyboard; sourceTree = "<group>"; };
		90166B891D34797200CE90D0 /* Info.plist */ = {isa = PBXFileReference; lastKnownFileType = text.plist.xml; path = Info.plist; sourceTree = "<group>"; };
		90166B8F1D348F6E00CE90D0 /* DiaryCell.xib */ = {isa = PBXFileReference; fileEncoding = 4; lastKnownFileType = file.xib; path = DiaryCell.xib; sourceTree = "<group>"; };
		90166B911D3490A900CE90D0 /* DiaryCell.swift */ = {isa = PBXFileReference; fileEncoding = 4; lastKnownFileType = sourcecode.swift; path = DiaryCell.swift; sourceTree = "<group>"; };
		9057E2221D349A1D00DBF57D /* Diary Model.xcdatamodel */ = {isa = PBXFileReference; lastKnownFileType = wrapper.xcdatamodel; path = "Diary Model.xcdatamodel"; sourceTree = "<group>"; };
		9057E2241D349AB300DBF57D /* Diary+CoreDataProperties.swift */ = {isa = PBXFileReference; fileEncoding = 4; lastKnownFileType = sourcecode.swift; path = "Diary+CoreDataProperties.swift"; sourceTree = "<group>"; };
		9057E2251D349AB300DBF57D /* Diary.swift */ = {isa = PBXFileReference; fileEncoding = 4; lastKnownFileType = sourcecode.swift; path = Diary.swift; sourceTree = "<group>"; };
		9057E2281D34A27300DBF57D /* DiaryDetailViewController.swift */ = {isa = PBXFileReference; fileEncoding = 4; lastKnownFileType = sourcecode.swift; path = DiaryDetailViewController.swift; sourceTree = "<group>"; };
		9057E22A1D359BCE00DBF57D /* CoreDataStack.swift */ = {isa = PBXFileReference; fileEncoding = 4; lastKnownFileType = sourcecode.swift; path = CoreDataStack.swift; sourceTree = "<group>"; };
		9057E22C1D359FF600DBF57D /* Functions.swift */ = {isa = PBXFileReference; fileEncoding = 4; lastKnownFileType = sourcecode.swift; path = Functions.swift; sourceTree = "<group>"; };
		9057E22E1D35AD5B00DBF57D /* HudView.swift */ = {isa = PBXFileReference; fileEncoding = 4; lastKnownFileType = sourcecode.swift; path = HudView.swift; sourceTree = "<group>"; };
		9057E2301D35AE9900DBF57D /* MapKit.framework */ = {isa = PBXFileReference; lastKnownFileType = wrapper.framework; name = MapKit.framework; path = System/Library/Frameworks/MapKit.framework; sourceTree = SDKROOT; };
		90A6F6891D3C262D004F12F7 /* PasscodeLock.framework */ = {isa = PBXFileReference; lastKnownFileType = wrapper.framework; name = PasscodeLock.framework; path = Carthage/Build/iOS/PasscodeLock.framework; sourceTree = "<group>"; };
		90D083D91D3B42A50077E181 /* PassCodeLockConfig.swift */ = {isa = PBXFileReference; fileEncoding = 4; lastKnownFileType = sourcecode.swift; path = PassCodeLockConfig.swift; sourceTree = "<group>"; };
		90D083DB1D3B42FC0077E181 /* PassUserDefault.swift */ = {isa = PBXFileReference; fileEncoding = 4; lastKnownFileType = sourcecode.swift; path = PassUserDefault.swift; sourceTree = "<group>"; };
		90D083DD1D3BE65C0077E181 /* PasscodeSettingsViewController.swift */ = {isa = PBXFileReference; fileEncoding = 4; lastKnownFileType = sourcecode.swift; path = PasscodeSettingsViewController.swift; sourceTree = "<group>"; };
		90FE33901D35FCF9009985EC /* Location+CoreDataProperties.swift */ = {isa = PBXFileReference; fileEncoding = 4; lastKnownFileType = sourcecode.swift; path = "Location+CoreDataProperties.swift"; sourceTree = "<group>"; };
		90FE33911D35FCF9009985EC /* Location.swift */ = {isa = PBXFileReference; fileEncoding = 4; lastKnownFileType = sourcecode.swift; path = Location.swift; sourceTree = "<group>"; };
		90FE33941D36D67C009985EC /* StringExtension.swift */ = {isa = PBXFileReference; fileEncoding = 4; lastKnownFileType = sourcecode.swift; path = StringExtension.swift; sourceTree = "<group>"; };
		90FE33961D396F23009985EC /* AnnotationDetailViewController.swift */ = {isa = PBXFileReference; fileEncoding = 4; lastKnownFileType = sourcecode.swift; path = AnnotationDetailViewController.swift; sourceTree = "<group>"; };
/* End PBXFileReference section */

/* Begin PBXFrameworksBuildPhase section */
		90166B751D34797100CE90D0 /* Frameworks */ = {
			isa = PBXFrameworksBuildPhase;
			buildActionMask = 2147483647;
			files = (
				9057E2311D35AE9900DBF57D /* MapKit.framework in Frameworks */,
				90A6F68A1D3C262D004F12F7 /* PasscodeLock.framework in Frameworks */,
			);
			runOnlyForDeploymentPostprocessing = 0;
		};
/* End PBXFrameworksBuildPhase section */

/* Begin PBXGroup section */
		90166B6F1D34797100CE90D0 = {
			isa = PBXGroup;
			children = (
				90A6F6891D3C262D004F12F7 /* PasscodeLock.framework */,
				9057E2301D35AE9900DBF57D /* MapKit.framework */,
				90166B7A1D34797100CE90D0 /* LocDiary */,
				90166B791D34797100CE90D0 /* Products */,
			);
			sourceTree = "<group>";
		};
		90166B791D34797100CE90D0 /* Products */ = {
			isa = PBXGroup;
			children = (
				90166B781D34797100CE90D0 /* LocDiary.app */,
			);
			name = Products;
			sourceTree = "<group>";
		};
		90166B7A1D34797100CE90D0 /* LocDiary */ = {
			isa = PBXGroup;
			children = (
				90FE33901D35FCF9009985EC /* Location+CoreDataProperties.swift */,
				90FE33911D35FCF9009985EC /* Location.swift */,
				9057E2241D349AB300DBF57D /* Diary+CoreDataProperties.swift */,
				9057E2251D349AB300DBF57D /* Diary.swift */,
				90166B7B1D34797100CE90D0 /* AppDelegate.swift */,
				90D083D91D3B42A50077E181 /* PassCodeLockConfig.swift */,
				90D083DB1D3B42FC0077E181 /* PassUserDefault.swift */,
				90D083DD1D3BE65C0077E181 /* PasscodeSettingsViewController.swift */,
				90166B7D1D34797100CE90D0 /* DiaryListViewController.swift */,
				9057E22C1D359FF600DBF57D /* Functions.swift */,
				9057E2211D349A1D00DBF57D /* Diary Model.xcdatamodeld */,
				90166B7F1D34797100CE90D0 /* MapViewController.swift */,
				90166B811D34797100CE90D0 /* Main.storyboard */,
				90FE33961D396F23009985EC /* AnnotationDetailViewController.swift */,
				9057E22A1D359BCE00DBF57D /* CoreDataStack.swift */,
				9057E2281D34A27300DBF57D /* DiaryDetailViewController.swift */,
				90FE33941D36D67C009985EC /* StringExtension.swift */,
				90166B8F1D348F6E00CE90D0 /* DiaryCell.xib */,
				90166B911D3490A900CE90D0 /* DiaryCell.swift */,
				9057E22E1D35AD5B00DBF57D /* HudView.swift */,
				90166B841D34797200CE90D0 /* Assets.xcassets */,
				90166B861D34797200CE90D0 /* LaunchScreen.storyboard */,
				90166B891D34797200CE90D0 /* Info.plist */,
			);
			path = LocDiary;
			sourceTree = "<group>";
		};
/* End PBXGroup section */

/* Begin PBXNativeTarget section */
		90166B771D34797100CE90D0 /* LocDiary */ = {
			isa = PBXNativeTarget;
			buildConfigurationList = 90166B8C1D34797200CE90D0 /* Build configuration list for PBXNativeTarget "LocDiary" */;
			buildPhases = (
				90166B741D34797100CE90D0 /* Sources */,
				90166B751D34797100CE90D0 /* Frameworks */,
				90166B761D34797100CE90D0 /* Resources */,
				90F23B4A1D3B212200EC0FE5 /* Run Script */,
			);
			buildRules = (
			);
			dependencies = (
			);
			name = LocDiary;
			productName = LocDiary;
			productReference = 90166B781D34797100CE90D0 /* LocDiary.app */;
			productType = "com.apple.product-type.application";
		};
/* End PBXNativeTarget section */

/* Begin PBXProject section */
		90166B701D34797100CE90D0 /* Project object */ = {
			isa = PBXProject;
			attributes = {
				LastSwiftUpdateCheck = 0730;
				LastUpgradeCheck = 0730;
				ORGANIZATIONNAME = "Yaxin Yuan";
				TargetAttributes = {
					90166B771D34797100CE90D0 = {
						CreatedOnToolsVersion = 7.3.1;
						DevelopmentTeam = KG4ZLSV952;
					};
				};
			};
			buildConfigurationList = 90166B731D34797100CE90D0 /* Build configuration list for PBXProject "LocDiary" */;
			compatibilityVersion = "Xcode 3.2";
			developmentRegion = English;
			hasScannedForEncodings = 0;
			knownRegions = (
				en,
				Base,
			);
			mainGroup = 90166B6F1D34797100CE90D0;
			productRefGroup = 90166B791D34797100CE90D0 /* Products */;
			projectDirPath = "";
			projectRoot = "";
			targets = (
				90166B771D34797100CE90D0 /* LocDiary */,
			);
		};
/* End PBXProject section */

/* Begin PBXResourcesBuildPhase section */
		90166B761D34797100CE90D0 /* Resources */ = {
			isa = PBXResourcesBuildPhase;
			buildActionMask = 2147483647;
			files = (
				90166B881D34797200CE90D0 /* LaunchScreen.storyboard in Resources */,
				90166B851D34797200CE90D0 /* Assets.xcassets in Resources */,
				90166B831D34797100CE90D0 /* Main.storyboard in Resources */,
				90166B901D348F6E00CE90D0 /* DiaryCell.xib in Resources */,
			);
			runOnlyForDeploymentPostprocessing = 0;
		};
/* End PBXResourcesBuildPhase section */

/* Begin PBXShellScriptBuildPhase section */
		90F23B4A1D3B212200EC0FE5 /* Run Script */ = {
			isa = PBXShellScriptBuildPhase;
			buildActionMask = 12;
			files = (
			);
			inputPaths = (
				"$(SRCROOT)/Carthage/Build/iOS/PasscodeLock.framework",
			);
			name = "Run Script";
			outputPaths = (
			);
			runOnlyForDeploymentPostprocessing = 0;
			shellPath = /bin/sh;
			shellScript = "/usr/local/bin/carthage copy-frameworks";
		};
/* End PBXShellScriptBuildPhase section */

/* Begin PBXSourcesBuildPhase section */
		90166B741D34797100CE90D0 /* Sources */ = {
			isa = PBXSourcesBuildPhase;
			buildActionMask = 2147483647;
			files = (
				9057E2271D349AB300DBF57D /* Diary.swift in Sources */,
				90FE33971D396F23009985EC /* AnnotationDetailViewController.swift in Sources */,
				90D083DE1D3BE65C0077E181 /* PasscodeSettingsViewController.swift in Sources */,
				90166B801D34797100CE90D0 /* MapViewController.swift in Sources */,
				90D083DC1D3B42FC0077E181 /* PassUserDefault.swift in Sources */,
				90166B7C1D34797100CE90D0 /* AppDelegate.swift in Sources */,
				90D083DA1D3B42A50077E181 /* PassCodeLockConfig.swift in Sources */,
				9057E22D1D359FF600DBF57D /* Functions.swift in Sources */,
				9057E22B1D359BCE00DBF57D /* CoreDataStack.swift in Sources */,
				9057E2231D349A1D00DBF57D /* Diary Model.xcdatamodeld in Sources */,
				90FE33931D35FCF9009985EC /* Location.swift in Sources */,
				9057E2261D349AB300DBF57D /* Diary+CoreDataProperties.swift in Sources */,
				90FE33951D36D67C009985EC /* StringExtension.swift in Sources */,
				9057E22F1D35AD5B00DBF57D /* HudView.swift in Sources */,
				90FE33921D35FCF9009985EC /* Location+CoreDataProperties.swift in Sources */,
				9057E2291D34A27300DBF57D /* DiaryDetailViewController.swift in Sources */,
				90166B7E1D34797100CE90D0 /* DiaryListViewController.swift in Sources */,
				90166B921D3490A900CE90D0 /* DiaryCell.swift in Sources */,
			);
			runOnlyForDeploymentPostprocessing = 0;
		};
/* End PBXSourcesBuildPhase section */

/* Begin PBXVariantGroup section */
		90166B811D34797100CE90D0 /* Main.storyboard */ = {
			isa = PBXVariantGroup;
			children = (
				90166B821D34797100CE90D0 /* Base */,
			);
			name = Main.storyboard;
			sourceTree = "<group>";
		};
		90166B861D34797200CE90D0 /* LaunchScreen.storyboard */ = {
			isa = PBXVariantGroup;
			children = (
				90166B871D34797200CE90D0 /* Base */,
			);
			name = LaunchScreen.storyboard;
			sourceTree = "<group>";
		};
/* End PBXVariantGroup section */

/* Begin XCBuildConfiguration section */
		90166B8A1D34797200CE90D0 /* Debug */ = {
			isa = XCBuildConfiguration;
			buildSettings = {
				ALWAYS_SEARCH_USER_PATHS = NO;
				CLANG_ANALYZER_NONNULL = YES;
				CLANG_CXX_LANGUAGE_STANDARD = "gnu++0x";
				CLANG_CXX_LIBRARY = "libc++";
				CLANG_ENABLE_MODULES = YES;
				CLANG_ENABLE_OBJC_ARC = YES;
				CLANG_WARN_BOOL_CONVERSION = YES;
				CLANG_WARN_CONSTANT_CONVERSION = YES;
				CLANG_WARN_DIRECT_OBJC_ISA_USAGE = YES_ERROR;
				CLANG_WARN_EMPTY_BODY = YES;
				CLANG_WARN_ENUM_CONVERSION = YES;
				CLANG_WARN_INT_CONVERSION = YES;
				CLANG_WARN_OBJC_ROOT_CLASS = YES_ERROR;
				CLANG_WARN_UNREACHABLE_CODE = YES;
				CLANG_WARN__DUPLICATE_METHOD_MATCH = YES;
				"CODE_SIGN_IDENTITY[sdk=iphoneos*]" = "iPhone Developer";
				COPY_PHASE_STRIP = NO;
				DEBUG_INFORMATION_FORMAT = dwarf;
				ENABLE_STRICT_OBJC_MSGSEND = YES;
				ENABLE_TESTABILITY = YES;
				GCC_C_LANGUAGE_STANDARD = gnu99;
				GCC_DYNAMIC_NO_PIC = NO;
				GCC_NO_COMMON_BLOCKS = YES;
				GCC_OPTIMIZATION_LEVEL = 0;
				GCC_PREPROCESSOR_DEFINITIONS = (
					"DEBUG=1",
					"$(inherited)",
				);
				GCC_WARN_64_TO_32_BIT_CONVERSION = YES;
				GCC_WARN_ABOUT_RETURN_TYPE = YES_ERROR;
				GCC_WARN_UNDECLARED_SELECTOR = YES;
				GCC_WARN_UNINITIALIZED_AUTOS = YES_AGGRESSIVE;
				GCC_WARN_UNUSED_FUNCTION = YES;
				GCC_WARN_UNUSED_VARIABLE = YES;
				IPHONEOS_DEPLOYMENT_TARGET = 9.3;
				MTL_ENABLE_DEBUG_INFO = YES;
				ONLY_ACTIVE_ARCH = YES;
				SDKROOT = iphoneos;
				SWIFT_OPTIMIZATION_LEVEL = "-Onone";
			};
			name = Debug;
		};
		90166B8B1D34797200CE90D0 /* Release */ = {
			isa = XCBuildConfiguration;
			buildSettings = {
				ALWAYS_SEARCH_USER_PATHS = NO;
				CLANG_ANALYZER_NONNULL = YES;
				CLANG_CXX_LANGUAGE_STANDARD = "gnu++0x";
				CLANG_CXX_LIBRARY = "libc++";
				CLANG_ENABLE_MODULES = YES;
				CLANG_ENABLE_OBJC_ARC = YES;
				CLANG_WARN_BOOL_CONVERSION = YES;
				CLANG_WARN_CONSTANT_CONVERSION = YES;
				CLANG_WARN_DIRECT_OBJC_ISA_USAGE = YES_ERROR;
				CLANG_WARN_EMPTY_BODY = YES;
				CLANG_WARN_ENUM_CONVERSION = YES;
				CLANG_WARN_INT_CONVERSION = YES;
				CLANG_WARN_OBJC_ROOT_CLASS = YES_ERROR;
				CLANG_WARN_UNREACHABLE_CODE = YES;
				CLANG_WARN__DUPLICATE_METHOD_MATCH = YES;
				"CODE_SIGN_IDENTITY[sdk=iphoneos*]" = "iPhone Developer";
				COPY_PHASE_STRIP = NO;
				DEBUG_INFORMATION_FORMAT = "dwarf-with-dsym";
				ENABLE_NS_ASSERTIONS = NO;
				ENABLE_STRICT_OBJC_MSGSEND = YES;
				GCC_C_LANGUAGE_STANDARD = gnu99;
				GCC_NO_COMMON_BLOCKS = YES;
				GCC_WARN_64_TO_32_BIT_CONVERSION = YES;
				GCC_WARN_ABOUT_RETURN_TYPE = YES_ERROR;
				GCC_WARN_UNDECLARED_SELECTOR = YES;
				GCC_WARN_UNINITIALIZED_AUTOS = YES_AGGRESSIVE;
				GCC_WARN_UNUSED_FUNCTION = YES;
				GCC_WARN_UNUSED_VARIABLE = YES;
				IPHONEOS_DEPLOYMENT_TARGET = 9.3;
				MTL_ENABLE_DEBUG_INFO = NO;
				SDKROOT = iphoneos;
				VALIDATE_PRODUCT = YES;
			};
			name = Release;
		};
		90166B8D1D34797200CE90D0 /* Debug */ = {
			isa = XCBuildConfiguration;
			buildSettings = {
				ASSETCATALOG_COMPILER_APPICON_NAME = AppIcon;
				CODE_SIGN_IDENTITY = "iPhone Developer";
				FRAMEWORK_SEARCH_PATHS = (
					"$(inherited)",
					"$(PROJECT_DIR)/Carthage/Build/iOS",
				);
				INFOPLIST_FILE = LocDiary/Info.plist;
				LD_RUNPATH_SEARCH_PATHS = "$(inherited) @executable_path/Frameworks";
				PRODUCT_BUNDLE_IDENTIFIER = JYuan.LocDiary;
				PRODUCT_NAME = "$(TARGET_NAME)";
			};
			name = Debug;
		};
		90166B8E1D34797200CE90D0 /* Release */ = {
			isa = XCBuildConfiguration;
			buildSettings = {
				ASSETCATALOG_COMPILER_APPICON_NAME = AppIcon;
				CODE_SIGN_IDENTITY = "iPhone Developer";
				FRAMEWORK_SEARCH_PATHS = (
					"$(inherited)",
					"$(PROJECT_DIR)/Carthage/Build/iOS",
				);
				INFOPLIST_FILE = LocDiary/Info.plist;
				LD_RUNPATH_SEARCH_PATHS = "$(inherited) @executable_path/Frameworks";
				PRODUCT_BUNDLE_IDENTIFIER = JYuan.LocDiary;
				PRODUCT_NAME = "$(TARGET_NAME)";
			};
			name = Release;
		};
/* End XCBuildConfiguration section */

/* Begin XCConfigurationList section */
		90166B731D34797100CE90D0 /* Build configuration list for PBXProject "LocDiary" */ = {
			isa = XCConfigurationList;
			buildConfigurations = (
				90166B8A1D34797200CE90D0 /* Debug */,
				90166B8B1D34797200CE90D0 /* Release */,
			);
			defaultConfigurationIsVisible = 0;
			defaultConfigurationName = Release;
		};
		90166B8C1D34797200CE90D0 /* Build configuration list for PBXNativeTarget "LocDiary" */ = {
			isa = XCConfigurationList;
			buildConfigurations = (
				90166B8D1D34797200CE90D0 /* Debug */,
				90166B8E1D34797200CE90D0 /* Release */,
			);
			defaultConfigurationIsVisible = 0;
			defaultConfigurationName = Release;
		};
/* End XCConfigurationList section */

/* Begin XCVersionGroup section */
		9057E2211D349A1D00DBF57D /* Diary Model.xcdatamodeld */ = {
			isa = XCVersionGroup;
			children = (
				9057E2221D349A1D00DBF57D /* Diary Model.xcdatamodel */,
			);
			currentVersion = 9057E2221D349A1D00DBF57D /* Diary Model.xcdatamodel */;
			path = "Diary Model.xcdatamodeld";
			sourceTree = "<group>";
			versionGroupType = wrapper.xcdatamodel;
		};
/* End XCVersionGroup section */
	};
	rootObject = 90166B701D34797100CE90D0 /* Project object */;
}
